
Microsoft Visual Studio Solution File, Format Version 12.00
# Visual Studio 15
Project("{FAE04EC0-301F-11D3-BF4B-00C04F79EFBC}") = "Assembly-CSharp", "Assembly-CSharp.csproj", "{51A3280A-EEA6-86F0-07F8-5F9804DADDCD}"
EndProject
Project("{FAE04EC0-301F-11D3-BF4B-00C04F79EFBC}") = "Assembly-CSharp-Editor", "Assembly-CSharp-Editor.csproj", "{F272B608-A247-CC23-9448-55C2E02E5D19}"
EndProject
Global
	GlobalSection(SolutionConfigurationPlatforms) = preSolution
		Debug|Any CPU = Debug|Any CPU
		Release|Any CPU = Release|Any CPU
	EndGlobalSection
	GlobalSection(ProjectConfigurationPlatforms) = postSolution
		{51A3280A-EEA6-86F0-07F8-5F9804DADDCD}.Debug|Any CPU.ActiveCfg = Debug|Any CPU
		{51A3280A-EEA6-86F0-07F8-5F9804DADDCD}.Debug|Any CPU.Build.0 = Debug|Any CPU
		{51A3280A-EEA6-86F0-07F8-5F9804DADDCD}.Release|Any CPU.ActiveCfg = Release|Any CPU
		{51A3280A-EEA6-86F0-07F8-5F9804DADDCD}.Release|Any CPU.Build.0 = Release|Any CPU
		{F272B608-A247-CC23-9448-55C2E02E5D19}.Debug|Any CPU.ActiveCfg = Debug|Any CPU
		{F272B608-A247-CC23-9448-55C2E02E5D19}.Debug|Any CPU.Build.0 = Debug|Any CPU
		{F272B608-A247-CC23-9448-55C2E02E5D19}.Release|Any CPU.ActiveCfg = Release|Any CPU
		{F272B608-A247-CC23-9448-55C2E02E5D19}.Release|Any CPU.Build.0 = Release|Any CPU
	EndGlobalSection
	GlobalSection(SolutionProperties) = preSolution
		HideSolutionNode = FALSE
	EndGlobalSection
EndGlobal
